
Microsoft Visual Studio Solution File, Format Version 12.00
# Visual Studio Version 16
VisualStudioVersion = 16.0.31313.79
MinimumVisualStudioVersion = 10.0.40219.1
Project("{FAE04EC0-301F-11D3-BF4B-00C04F79EFBC}") = "ExceptionLesson", "ExceptionLesson\ExceptionLesson.csproj", "{3DFCC3DA-6BDF-4682-8AC6-8DB01AAFCE1D}"
EndProject
Global
	GlobalSection(SolutionConfigurationPlatforms) = preSolution
		Debug|Any CPU = Debug|Any CPU
		Release|Any CPU = Release|Any CPU
	EndGlobalSection
	GlobalSection(ProjectConfigurationPlatforms) = postSolution
		{3DFCC3DA-6BDF-4682-8AC6-8DB01AAFCE1D}.Debug|Any CPU.ActiveCfg = Debug|Any CPU
		{3DFCC3DA-6BDF-4682-8AC6-8DB01AAFCE1D}.Debug|Any CPU.Build.0 = Debug|Any CPU
		{3DFCC3DA-6BDF-4682-8AC6-8DB01AAFCE1D}.Release|Any CPU.ActiveCfg = Release|Any CPU
		{3DFCC3DA-6BDF-4682-8AC6-8DB01AAFCE1D}.Release|Any CPU.Build.0 = Release|Any CPU
	EndGlobalSection
	GlobalSection(SolutionProperties) = preSolution
		HideSolutionNode = FALSE
	EndGlobalSection
	GlobalSection(ExtensibilityGlobals) = postSolution
		SolutionGuid = {D99374CE-32D4-4B85-8555-C2B4E3010C2F}
	EndGlobalSection
EndGlobal
